// !$*UTF8*$!
{
	archiveVersion = 1;
	classes = {
	};
	objectVersion = 46;
	objects = {

/* Begin PBXBuildFile section */
		B5202EC41AFEC6DE00E6A13A /* AppDelegate.swift in Sources */ = {isa = PBXBuildFile; fileRef = B5202EC31AFEC6DE00E6A13A /* AppDelegate.swift */; };
		B5202EC71AFEC6DE00E6A13A /* Postcard.xcdatamodeld in Sources */ = {isa = PBXBuildFile; fileRef = B5202EC51AFEC6DE00E6A13A /* Postcard.xcdatamodeld */; };
		B5202EC91AFEC6DE00E6A13A /* ViewController.swift in Sources */ = {isa = PBXBuildFile; fileRef = B5202EC81AFEC6DE00E6A13A /* ViewController.swift */; };
		B5202ECC1AFEC6DE00E6A13A /* Main.storyboard in Resources */ = {isa = PBXBuildFile; fileRef = B5202ECA1AFEC6DE00E6A13A /* Main.storyboard */; };
		B5202ECE1AFEC6DE00E6A13A /* Images.xcassets in Resources */ = {isa = PBXBuildFile; fileRef = B5202ECD1AFEC6DE00E6A13A /* Images.xcassets */; };
		B5202ED11AFEC6DE00E6A13A /* LaunchScreen.xib in Resources */ = {isa = PBXBuildFile; fileRef = B5202ECF1AFEC6DE00E6A13A /* LaunchScreen.xib */; };
		B5202EDD1AFEC6DE00E6A13A /* PostcardTests.swift in Sources */ = {isa = PBXBuildFile; fileRef = B5202EDC1AFEC6DE00E6A13A /* PostcardTests.swift */; };
		B5202EE71AFECF0900E6A13A /* SagradaFamilia.jpeg in Resources */ = {isa = PBXBuildFile; fileRef = B5202EE61AFECF0900E6A13A /* SagradaFamilia.jpeg */; };
		B5202EE91AFED30100E6A13A /* AlbertEinsteinStamp.jpg in Resources */ = {isa = PBXBuildFile; fileRef = B5202EE81AFED30100E6A13A /* AlbertEinsteinStamp.jpg */; };
/* End PBXBuildFile section */

/* Begin PBXContainerItemProxy section */
		B5202ED71AFEC6DE00E6A13A /* PBXContainerItemProxy */ = {
			isa = PBXContainerItemProxy;
			containerPortal = B5202EB61AFEC6DE00E6A13A /* Project object */;
			proxyType = 1;
			remoteGlobalIDString = B5202EBD1AFEC6DE00E6A13A;
			remoteInfo = Postcard;
		};
/* End PBXContainerItemProxy section */

/* Begin PBXFileReference section */
		B5202EBE1AFEC6DE00E6A13A /* Postcard.app */ = {isa = PBXFileReference; explicitFileType = wrapper.application; includeInIndex = 0; path = Postcard.app; sourceTree = BUILT_PRODUCTS_DIR; };
		B5202EC21AFEC6DE00E6A13A /* Info.plist */ = {isa = PBXFileReference; lastKnownFileType = text.plist.xml; path = Info.plist; sourceTree = "<group>"; };
		B5202EC31AFEC6DE00E6A13A /* AppDelegate.swift */ = {isa = PBXFileReference; lastKnownFileType = sourcecode.swift; path = AppDelegate.swift; sourceTree = "<group>"; };
		B5202EC61AFEC6DE00E6A13A /* Postcard.xcdatamodel */ = {isa = PBXFileReference; lastKnownFileType = wrapper.xcdatamodel; path = Postcard.xcdatamodel; sourceTree = "<group>"; };
		B5202EC81AFEC6DE00E6A13A /* ViewController.swift */ = {isa = PBXFileReference; lastKnownFileType = sourcecode.swift; path = ViewController.swift; sourceTree = "<group>"; };
		B5202ECB1AFEC6DE00E6A13A /* Base */ = {isa = PBXFileReference; lastKnownFileType = file.storyboard; name = Base; path = Base.lproj/Main.storyboard; sourceTree = "<group>"; };
		B5202ECD1AFEC6DE00E6A13A /* Images.xcassets */ = {isa = PBXFileReference; lastKnownFileType = folder.assetcatalog; path = Images.xcassets; sourceTree = "<group>"; };
		B5202ED01AFEC6DE00E6A13A /* Base */ = {isa = PBXFileReference; lastKnownFileType = file.xib; name = Base; path = Base.lproj/LaunchScreen.xib; sourceTree = "<group>"; };
		B5202ED61AFEC6DE00E6A13A /* PostcardTests.xctest */ = {isa = PBXFileReference; explicitFileType = wrapper.cfbundle; includeInIndex = 0; path = PostcardTests.xctest; sourceTree = BUILT_PRODUCTS_DIR; };
		B5202EDB1AFEC6DE00E6A13A /* Info.plist */ = {isa = PBXFileReference; lastKnownFileType = text.plist.xml; path = Info.plist; sourceTree = "<group>"; };
		B5202EDC1AFEC6DE00E6A13A /* PostcardTests.swift */ = {isa = PBXFileReference; lastKnownFileType = sourcecode.swift; path = PostcardTests.swift; sourceTree = "<group>"; };
		B5202EE61AFECF0900E6A13A /* SagradaFamilia.jpeg */ = {isa = PBXFileReference; lastKnownFileType = image.jpeg; path = SagradaFamilia.jpeg; sourceTree = "<group>"; };
		B5202EE81AFED30100E6A13A /* AlbertEinsteinStamp.jpg */ = {isa = PBXFileReference; lastKnownFileType = image.jpeg; path = AlbertEinsteinStamp.jpg; sourceTree = "<group>"; };
/* End PBXFileReference section */

/* Begin PBXFrameworksBuildPhase section */
		B5202EBB1AFEC6DE00E6A13A /* Frameworks */ = {
			isa = PBXFrameworksBuildPhase;
			buildActionMask = 2147483647;
			files = (
			);
			runOnlyForDeploymentPostprocessing = 0;
		};
		B5202ED31AFEC6DE00E6A13A /* Frameworks */ = {
			isa = PBXFrameworksBuildPhase;
			buildActionMask = 2147483647;
			files = (
			);
			runOnlyForDeploymentPostprocessing = 0;
		};
/* End PBXFrameworksBuildPhase section */

/* Begin PBXGroup section */
		B5202EB51AFEC6DE00E6A13A = {
			isa = PBXGroup;
			children = (
				B5202EC01AFEC6DE00E6A13A /* Postcard */,
				B5202ED91AFEC6DE00E6A13A /* PostcardTests */,
				B5202EBF1AFEC6DE00E6A13A /* Products */,
			);
			sourceTree = "<group>";
		};
		B5202EBF1AFEC6DE00E6A13A /* Products */ = {
			isa = PBXGroup;
			children = (
				B5202EBE1AFEC6DE00E6A13A /* Postcard.app */,
				B5202ED61AFEC6DE00E6A13A /* PostcardTests.xctest */,
			);
			name = Products;
			sourceTree = "<group>";
		};
		B5202EC01AFEC6DE00E6A13A /* Postcard */ = {
			isa = PBXGroup;
			children = (
				B5202EC31AFEC6DE00E6A13A /* AppDelegate.swift */,
				B5202EC81AFEC6DE00E6A13A /* ViewController.swift */,
				B5202ECA1AFEC6DE00E6A13A /* Main.storyboard */,
				B5202ECD1AFEC6DE00E6A13A /* Images.xcassets */,
				B5202ECF1AFEC6DE00E6A13A /* LaunchScreen.xib */,
				B5202EC51AFEC6DE00E6A13A /* Postcard.xcdatamodeld */,
				B5202EC11AFEC6DE00E6A13A /* Supporting Files */,
			);
			path = Postcard;
			sourceTree = "<group>";
		};
		B5202EC11AFEC6DE00E6A13A /* Supporting Files */ = {
			isa = PBXGroup;
			children = (
				B5202EE81AFED30100E6A13A /* AlbertEinsteinStamp.jpg */,
				B5202EE61AFECF0900E6A13A /* SagradaFamilia.jpeg */,
				B5202EC21AFEC6DE00E6A13A /* Info.plist */,
			);
			name = "Supporting Files";
			sourceTree = "<group>";
		};
		B5202ED91AFEC6DE00E6A13A /* PostcardTests */ = {
			isa = PBXGroup;
			children = (
				B5202EDC1AFEC6DE00E6A13A /* PostcardTests.swift */,
				B5202EDA1AFEC6DE00E6A13A /* Supporting Files */,
			);
			path = PostcardTests;
			sourceTree = "<group>";
		};
		B5202EDA1AFEC6DE00E6A13A /* Supporting Files */ = {
			isa = PBXGroup;
			children = (
				B5202EDB1AFEC6DE00E6A13A /* Info.plist */,
			);
			name = "Supporting Files";
			sourceTree = "<group>";
		};
/* End PBXGroup section */

/* Begin PBXNativeTarget section */
		B5202EBD1AFEC6DE00E6A13A /* Postcard */ = {
			isa = PBXNativeTarget;
			buildConfigurationList = B5202EE01AFEC6DE00E6A13A /* Build configuration list for PBXNativeTarget "Postcard" */;
			buildPhases = (
				B5202EBA1AFEC6DE00E6A13A /* Sources */,
				B5202EBB1AFEC6DE00E6A13A /* Frameworks */,
				B5202EBC1AFEC6DE00E6A13A /* Resources */,
			);
			buildRules = (
			);
			dependencies = (
			);
			name = Postcard;
			productName = Postcard;
			productReference = B5202EBE1AFEC6DE00E6A13A /* Postcard.app */;
			productType = "com.apple.product-type.application";
		};
		B5202ED51AFEC6DE00E6A13A /* PostcardTests */ = {
			isa = PBXNativeTarget;
			buildConfigurationList = B5202EE31AFEC6DE00E6A13A /* Build configuration list for PBXNativeTarget "PostcardTests" */;
			buildPhases = (
				B5202ED21AFEC6DE00E6A13A /* Sources */,
				B5202ED31AFEC6DE00E6A13A /* Frameworks */,
				B5202ED41AFEC6DE00E6A13A /* Resources */,
			);
			buildRules = (
			);
			dependencies = (
				B5202ED81AFEC6DE00E6A13A /* PBXTargetDependency */,
			);
			name = PostcardTests;
			productName = PostcardTests;
			productReference = B5202ED61AFEC6DE00E6A13A /* PostcardTests.xctest */;
			productType = "com.apple.product-type.bundle.unit-test";
		};
/* End PBXNativeTarget section */

/* Begin PBXProject section */
		B5202EB61AFEC6DE00E6A13A /* Project object */ = {
			isa = PBXProject;
			attributes = {
				LastUpgradeCheck = 0630;
				ORGANIZATIONNAME = S2dio;
				TargetAttributes = {
					B5202EBD1AFEC6DE00E6A13A = {
						CreatedOnToolsVersion = 6.3.1;
					};
					B5202ED51AFEC6DE00E6A13A = {
						CreatedOnToolsVersion = 6.3.1;
						TestTargetID = B5202EBD1AFEC6DE00E6A13A;
					};
				};
			};
			buildConfigurationList = B5202EB91AFEC6DE00E6A13A /* Build configuration list for PBXProject "Postcard" */;
			compatibilityVersion = "Xcode 3.2";
			developmentRegion = English;
			hasScannedForEncodings = 0;
			knownRegions = (
				en,
				Base,
			);
			mainGroup = B5202EB51AFEC6DE00E6A13A;
			productRefGroup = B5202EBF1AFEC6DE00E6A13A /* Products */;
			projectDirPath = "";
			projectRoot = "";
			targets = (
				B5202EBD1AFEC6DE00E6A13A /* Postcard */,
				B5202ED51AFEC6DE00E6A13A /* PostcardTests */,
			);
		};
/* End PBXProject section */

/* Begin PBXResourcesBuildPhase section */
		B5202EBC1AFEC6DE00E6A13A /* Resources */ = {
			isa = PBXResourcesBuildPhase;
			buildActionMask = 2147483647;
			files = (
				B5202ECC1AFEC6DE00E6A13A /* Main.storyboard in Resources */,
				B5202EE71AFECF0900E6A13A /* SagradaFamilia.jpeg in Resources */,
				B5202EE91AFED30100E6A13A /* AlbertEinsteinStamp.jpg in Resources */,
				B5202ED11AFEC6DE00E6A13A /* LaunchScreen.xib in Resources */,
				B5202ECE1AFEC6DE00E6A13A /* Images.xcassets in Resources */,
			);
			runOnlyForDeploymentPostprocessing = 0;
		};
		B5202ED41AFEC6DE00E6A13A /* Resources */ = {
			isa = PBXResourcesBuildPhase;
			buildActionMask = 2147483647;
			files = (
			);
			runOnlyForDeploymentPostprocessing = 0;
		};
/* End PBXResourcesBuildPhase section */

/* Begin PBXSourcesBuildPhase section */
		B5202EBA1AFEC6DE00E6A13A /* Sources */ = {
			isa = PBXSourcesBuildPhase;
			buildActionMask = 2147483647;
			files = (
				B5202EC91AFEC6DE00E6A13A /* ViewController.swift in Sources */,
				B5202EC41AFEC6DE00E6A13A /* AppDelegate.swift in Sources */,
				B5202EC71AFEC6DE00E6A13A /* Postcard.xcdatamodeld in Sources */,
			);
			runOnlyForDeploymentPostprocessing = 0;
		};
		B5202ED21AFEC6DE00E6A13A /* Sources */ = {
			isa = PBXSourcesBuildPhase;
			buildActionMask = 2147483647;
			files = (
				B5202EDD1AFEC6DE00E6A13A /* PostcardTests.swift in Sources */,
			);
			runOnlyForDeploymentPostprocessing = 0;
		};
/* End PBXSourcesBuildPhase section */

/* Begin PBXTargetDependency section */
		B5202ED81AFEC6DE00E6A13A /* PBXTargetDependency */ = {
			isa = PBXTargetDependency;
			target = B5202EBD1AFEC6DE00E6A13A /* Postcard */;
			targetProxy = B5202ED71AFEC6DE00E6A13A /* PBXContainerItemProxy */;
		};
/* End PBXTargetDependency section */

/* Begin PBXVariantGroup section */
		B5202ECA1AFEC6DE00E6A13A /* Main.storyboard */ = {
			isa = PBXVariantGroup;
			children = (
				B5202ECB1AFEC6DE00E6A13A /* Base */,
			);
			name = Main.storyboard;
			sourceTree = "<group>";
		};
		B5202ECF1AFEC6DE00E6A13A /* LaunchScreen.xib */ = {
			isa = PBXVariantGroup;
			children = (
				B5202ED01AFEC6DE00E6A13A /* Base */,
			);
			name = LaunchScreen.xib;
			sourceTree = "<group>";
		};
/* End PBXVariantGroup section */

/* Begin XCBuildConfiguration section */
		B5202EDE1AFEC6DE00E6A13A /* Debug */ = {
			isa = XCBuildConfiguration;
			buildSettings = {
				ALWAYS_SEARCH_USER_PATHS = NO;
				CLANG_CXX_LANGUAGE_STANDARD = "gnu++0x";
				CLANG_CXX_LIBRARY = "libc++";
				CLANG_ENABLE_MODULES = YES;
				CLANG_ENABLE_OBJC_ARC = YES;
				CLANG_WARN_BOOL_CONVERSION = YES;
				CLANG_WARN_CONSTANT_CONVERSION = YES;
				CLANG_WARN_DIRECT_OBJC_ISA_USAGE = YES_ERROR;
				CLANG_WARN_EMPTY_BODY = YES;
				CLANG_WARN_ENUM_CONVERSION = YES;
				CLANG_WARN_INT_CONVERSION = YES;
				CLANG_WARN_OBJC_ROOT_CLASS = YES_ERROR;
				CLANG_WARN_UNREACHABLE_CODE = YES;
				CLANG_WARN__DUPLICATE_METHOD_MATCH = YES;
				"CODE_SIGN_IDENTITY[sdk=iphoneos*]" = "iPhone Developer";
				COPY_PHASE_STRIP = NO;
				DEBUG_INFORMATION_FORMAT = "dwarf-with-dsym";
				ENABLE_STRICT_OBJC_MSGSEND = YES;
				GCC_C_LANGUAGE_STANDARD = gnu99;
				GCC_DYNAMIC_NO_PIC = NO;
				GCC_NO_COMMON_BLOCKS = YES;
				GCC_OPTIMIZATION_LEVEL = 0;
				GCC_PREPROCESSOR_DEFINITIONS = (
					"DEBUG=1",
					"$(inherited)",
				);
				GCC_SYMBOLS_PRIVATE_EXTERN = NO;
				GCC_WARN_64_TO_32_BIT_CONVERSION = YES;
				GCC_WARN_ABOUT_RETURN_TYPE = YES_ERROR;
				GCC_WARN_UNDECLARED_SELECTOR = YES;
				GCC_WARN_UNINITIALIZED_AUTOS = YES_AGGRESSIVE;
				GCC_WARN_UNUSED_FUNCTION = YES;
				GCC_WARN_UNUSED_VARIABLE = YES;
				IPHONEOS_DEPLOYMENT_TARGET = 8.3;
				MTL_ENABLE_DEBUG_INFO = YES;
				ONLY_ACTIVE_ARCH = YES;
				SDKROOT = iphoneos;
				SWIFT_OPTIMIZATION_LEVEL = "-Onone";
				TARGETED_DEVICE_FAMILY = "1,2";
			};
			name = Debug;
		};
		B5202EDF1AFEC6DE00E6A13A /* Release */ = {
			isa = XCBuildConfiguration;
			buildSettings = {
				ALWAYS_SEARCH_USER_PATHS = NO;
				CLANG_CXX_LANGUAGE_STANDARD = "gnu++0x";
				CLANG_CXX_LIBRARY = "libc++";
				CLANG_ENABLE_MODULES = YES;
				CLANG_ENABLE_OBJC_ARC = YES;
				CLANG_WARN_BOOL_CONVERSION = YES;
				CLANG_WARN_CONSTANT_CONVERSION = YES;
				CLANG_WARN_DIRECT_OBJC_ISA_USAGE = YES_ERROR;
				CLANG_WARN_EMPTY_BODY = YES;
				CLANG_WARN_ENUM_CONVERSION = YES;
				CLANG_WARN_INT_CONVERSION = YES;
				CLANG_WARN_OBJC_ROOT_CLASS = YES_ERROR;
				CLANG_WARN_UNREACHABLE_CODE = YES;
				CLANG_WARN__DUPLICATE_METHOD_MATCH = YES;
				"CODE_SIGN_IDENTITY[sdk=iphoneos*]" = "iPhone Developer";
				COPY_PHASE_STRIP = NO;
				DEBUG_INFORMATION_FORMAT = "dwarf-with-dsym";
				ENABLE_NS_ASSERTIONS = NO;
				ENABLE_STRICT_OBJC_MSGSEND = YES;
				GCC_C_LANGUAGE_STANDARD = gnu99;
				GCC_NO_COMMON_BLOCKS = YES;
				GCC_WARN_64_TO_32_BIT_CONVERSION = YES;
				GCC_WARN_ABOUT_RETURN_TYPE = YES_ERROR;
				GCC_WARN_UNDECLARED_SELECTOR = YES;
				GCC_WARN_UNINITIALIZED_AUTOS = YES_AGGRESSIVE;
				GCC_WARN_UNUSED_FUNCTION = YES;
				GCC_WARN_UNUSED_VARIABLE = YES;
				IPHONEOS_DEPLOYMENT_TARGET = 8.3;
				MTL_ENABLE_DEBUG_INFO = NO;
				SDKROOT = iphoneos;
				TARGETED_DEVICE_FAMILY = "1,2";
				VALIDATE_PRODUCT = YES;
			};
			name = Release;
		};
		B5202EE11AFEC6DE00E6A13A /* Debug */ = {
			isa = XCBuildConfiguration;
			buildSettings = {
				ASSETCATALOG_COMPILER_APPICON_NAME = AppIcon;
				INFOPLIST_FILE = Postcard/Info.plist;
				LD_RUNPATH_SEARCH_PATHS = "$(inherited) @executable_path/Frameworks";
				PRODUCT_NAME = "$(TARGET_NAME)";
			};
			name = Debug;
		};
		B5202EE21AFEC6DE00E6A13A /* Release */ = {
			isa = XCBuildConfiguration;
			buildSettings = {
				ASSETCATALOG_COMPILER_APPICON_NAME = AppIcon;
				INFOPLIST_FILE = Postcard/Info.plist;
				LD_RUNPATH_SEARCH_PATHS = "$(inherited) @executable_path/Frameworks";
				PRODUCT_NAME = "$(TARGET_NAME)";
			};
			name = Release;
		};
		B5202EE41AFEC6DE00E6A13A /* Debug */ = {
			isa = XCBuildConfiguration;
			buildSettings = {
				BUNDLE_LOADER = "$(TEST_HOST)";
				FRAMEWORK_SEARCH_PATHS = (
					"$(SDKROOT)/Developer/Library/Frameworks",
					"$(inherited)",
				);
				GCC_PREPROCESSOR_DEFINITIONS = (
					"DEBUG=1",
					"$(inherited)",
				);
				INFOPLIST_FILE = PostcardTests/Info.plist;
				LD_RUNPATH_SEARCH_PATHS = "$(inherited) @executable_path/Frameworks @loader_path/Frameworks";
				PRODUCT_NAME = "$(TARGET_NAME)";
				TEST_HOST = "$(BUILT_PRODUCTS_DIR)/Postcard.app/Postcard";
			};
			name = Debug;
		};
		B5202EE51AFEC6DE00E6A13A /* Release */ = {
			isa = XCBuildConfiguration;
			buildSettings = {
				BUNDLE_LOADER = "$(TEST_HOST)";
				FRAMEWORK_SEARCH_PATHS = (
					"$(SDKROOT)/Developer/Library/Frameworks",
					"$(inherited)",
				);
				INFOPLIST_FILE = PostcardTests/Info.plist;
				LD_RUNPATH_SEARCH_PATHS = "$(inherited) @executable_path/Frameworks @loader_path/Frameworks";
				PRODUCT_NAME = "$(TARGET_NAME)";
				TEST_HOST = "$(BUILT_PRODUCTS_DIR)/Postcard.app/Postcard";
			};
			name = Release;
		};
/* End XCBuildConfiguration section */

/* Begin XCConfigurationList section */
		B5202EB91AFEC6DE00E6A13A /* Build configuration list for PBXProject "Postcard" */ = {
			isa = XCConfigurationList;
			buildConfigurations = (
				B5202EDE1AFEC6DE00E6A13A /* Debug */,
				B5202EDF1AFEC6DE00E6A13A /* Release */,
			);
			defaultConfigurationIsVisible = 0;
			defaultConfigurationName = Release;
		};
		B5202EE01AFEC6DE00E6A13A /* Build configuration list for PBXNativeTarget "Postcard" */ = {
			isa = XCConfigurationList;
			buildConfigurations = (
				B5202EE11AFEC6DE00E6A13A /* Debug */,
				B5202EE21AFEC6DE00E6A13A /* Release */,
			);
			defaultConfigurationIsVisible = 0;
		};
		B5202EE31AFEC6DE00E6A13A /* Build configuration list for PBXNativeTarget "PostcardTests" */ = {
			isa = XCConfigurationList;
			buildConfigurations = (
				B5202EE41AFEC6DE00E6A13A /* Debug */,
				B5202EE51AFEC6DE00E6A13A /* Release */,
			);
			defaultConfigurationIsVisible = 0;
		};
/* End XCConfigurationList section */

/* Begin XCVersionGroup section */
		B5202EC51AFEC6DE00E6A13A /* Postcard.xcdatamodeld */ = {
			isa = XCVersionGroup;
			children = (
				B5202EC61AFEC6DE00E6A13A /* Postcard.xcdatamodel */,
			);
			currentVersion = B5202EC61AFEC6DE00E6A13A /* Postcard.xcdatamodel */;
			path = Postcard.xcdatamodeld;
			sourceTree = "<group>";
			versionGroupType = wrapper.xcdatamodel;
		};
/* End XCVersionGroup section */
	};
	rootObject = B5202EB61AFEC6DE00E6A13A /* Project object */;
}
